
Microsoft Visual Studio Solution File, Format Version 12.00
# Visual Studio Version 17
VisualStudioVersion = 17.2.32602.215
MinimumVisualStudioVersion = 10.0.40219.1
Project("{FAE04EC0-301F-11D3-BF4B-00C04F79EFBC}") = "ProcessPensionDetails", "ProcessPensionDetails\ProcessPensionDetails.csproj", "{2C361AE2-5CC8-49B5-968F-9C83BDE2C68D}"
EndProject
Global
	GlobalSection(SolutionConfigurationPlatforms) = preSolution
		Debug|Any CPU = Debug|Any CPU
		Release|Any CPU = Release|Any CPU
	EndGlobalSection
	GlobalSection(ProjectConfigurationPlatforms) = postSolution
		{2C361AE2-5CC8-49B5-968F-9C83BDE2C68D}.Debug|Any CPU.ActiveCfg = Debug|Any CPU
		{2C361AE2-5CC8-49B5-968F-9C83BDE2C68D}.Debug|Any CPU.Build.0 = Debug|Any CPU
		{2C361AE2-5CC8-49B5-968F-9C83BDE2C68D}.Release|Any CPU.ActiveCfg = Release|Any CPU
		{2C361AE2-5CC8-49B5-968F-9C83BDE2C68D}.Release|Any CPU.Build.0 = Release|Any CPU
	EndGlobalSection
	GlobalSection(SolutionProperties) = preSolution
		HideSolutionNode = FALSE
	EndGlobalSection
	GlobalSection(ExtensibilityGlobals) = postSolution
		SolutionGuid = {8194CDA9-F7D0-40B3-B5A9-20731A2D7C3F}
	EndGlobalSection
EndGlobal
